
Microsoft Visual Studio Solution File, Format Version 12.00
# Visual Studio 15
Project("{FAE04EC0-301F-11D3-BF4B-00C04F79EFBC}") = "TemplatesShared", "src\TemplatesShared\TemplatesShared.csproj", "{3B8C92AE-7C18-4DD3-9B10-FC3C0DBEA6E2}"
EndProject
Project("{FAE04EC0-301F-11D3-BF4B-00C04F79EFBC}") = "TemplatesApi", "src\TemplatesApi\TemplatesApi.csproj", "{F5B12C1F-365D-4CED-84EE-3AD11212A0C4}"
EndProject
Project("{FAE04EC0-301F-11D3-BF4B-00C04F79EFBC}") = "TemplatesWeb", "src\TemplatesWeb\TemplatesWeb.csproj", "{2971AB36-3D4F-49E4-B47C-7A1013D27D4D}"
EndProject
Project("{FAE04EC0-301F-11D3-BF4B-00C04F79EFBC}") = "TemplateTest", "src\TemplateTest\TemplateTest.csproj", "{FBA5A48D-5D3B-4EDA-A79B-72E1D1BB8B14}"
EndProject
Project("{FAE04EC0-301F-11D3-BF4B-00C04F79EFBC}") = "TemplateTool", "src\TemplateTool\TemplateTool.csproj", "{EBFA7409-AB83-4243-ACD8-CE02C600A336}"
EndProject
Global
	GlobalSection(SolutionConfigurationPlatforms) = preSolution
		Debug|Any CPU = Debug|Any CPU
		Release|Any CPU = Release|Any CPU
	EndGlobalSection
	GlobalSection(ProjectConfigurationPlatforms) = postSolution
		{3B8C92AE-7C18-4DD3-9B10-FC3C0DBEA6E2}.Debug|Any CPU.ActiveCfg = Debug|Any CPU
		{3B8C92AE-7C18-4DD3-9B10-FC3C0DBEA6E2}.Debug|Any CPU.Build.0 = Debug|Any CPU
		{3B8C92AE-7C18-4DD3-9B10-FC3C0DBEA6E2}.Release|Any CPU.ActiveCfg = Release|Any CPU
		{3B8C92AE-7C18-4DD3-9B10-FC3C0DBEA6E2}.Release|Any CPU.Build.0 = Release|Any CPU
		{F5B12C1F-365D-4CED-84EE-3AD11212A0C4}.Debug|Any CPU.ActiveCfg = Debug|Any CPU
		{F5B12C1F-365D-4CED-84EE-3AD11212A0C4}.Debug|Any CPU.Build.0 = Debug|Any CPU
		{F5B12C1F-365D-4CED-84EE-3AD11212A0C4}.Release|Any CPU.ActiveCfg = Release|Any CPU
		{F5B12C1F-365D-4CED-84EE-3AD11212A0C4}.Release|Any CPU.Build.0 = Release|Any CPU
		{2971AB36-3D4F-49E4-B47C-7A1013D27D4D}.Debug|Any CPU.ActiveCfg = Debug|Any CPU
		{2971AB36-3D4F-49E4-B47C-7A1013D27D4D}.Debug|Any CPU.Build.0 = Debug|Any CPU
		{2971AB36-3D4F-49E4-B47C-7A1013D27D4D}.Release|Any CPU.ActiveCfg = Release|Any CPU
		{2971AB36-3D4F-49E4-B47C-7A1013D27D4D}.Release|Any CPU.Build.0 = Release|Any CPU
		{FBA5A48D-5D3B-4EDA-A79B-72E1D1BB8B14}.Debug|Any CPU.ActiveCfg = Debug|Any CPU
		{FBA5A48D-5D3B-4EDA-A79B-72E1D1BB8B14}.Debug|Any CPU.Build.0 = Debug|Any CPU
		{FBA5A48D-5D3B-4EDA-A79B-72E1D1BB8B14}.Release|Any CPU.ActiveCfg = Release|Any CPU
		{FBA5A48D-5D3B-4EDA-A79B-72E1D1BB8B14}.Release|Any CPU.Build.0 = Release|Any CPU
		{EBFA7409-AB83-4243-ACD8-CE02C600A336}.Debug|Any CPU.ActiveCfg = Debug|Any CPU
		{EBFA7409-AB83-4243-ACD8-CE02C600A336}.Debug|Any CPU.Build.0 = Debug|Any CPU
		{EBFA7409-AB83-4243-ACD8-CE02C600A336}.Release|Any CPU.ActiveCfg = Release|Any CPU
		{EBFA7409-AB83-4243-ACD8-CE02C600A336}.Release|Any CPU.Build.0 = Release|Any CPU
	EndGlobalSection
EndGlobal
