Microsoft Visual Studio Solution File, Format Version 12.00
# Visual Studio Version 17
VisualStudioVersion = 17.1.32015.54
MinimumVisualStudioVersion = 10.0.40219.1
Project("{9A19103F-16F7-4668-BE54-9A1E7A4F7556}") = "TemplatesShared", "src\TemplatesShared\TemplatesShared.csproj", "{3B8C92AE-7C18-4DD3-9B10-FC3C0DBEA6E2}"
EndProject
Project("{9A19103F-16F7-4668-BE54-9A1E7A4F7556}") = "TemplatesApi", "src\TemplatesApi\TemplatesApi.csproj", "{F5B12C1F-365D-4CED-84EE-3AD11212A0C4}"
EndProject
Project("{9A19103F-16F7-4668-BE54-9A1E7A4F7556}") = "TemplatesWeb", "src\TemplatesWeb\TemplatesWeb.csproj", "{2971AB36-3D4F-49E4-B47C-7A1013D27D4D}"
EndProject
Project("{9A19103F-16F7-4668-BE54-9A1E7A4F7556}") = "TemplateTest", "src\TemplateTest\TemplateTest.csproj", "{7DF89BDA-AB54-4B13-8A02-0538E639A6B2}"
EndProject
Project("{9A19103F-16F7-4668-BE54-9A1E7A4F7556}") = "TemplatesConsole", "src\TemplatesConsole\TemplatesConsole.csproj", "{7F64A4E5-7F67-4DEC-81B5-D22A51380412}"
EndProject
Project("{9A19103F-16F7-4668-BE54-9A1E7A4F7556}") = "Templates", "src\Templates\Templates.csproj", "{205E80D3-584E-4DE4-965B-CE1F48F4CC6A}"
EndProject
Project("{2150E333-8FDC-42A3-9474-1A3956D46DE8}") = "Web", "Web", "{A20DDCC9-E2BD-4010-8B58-C71E39BD1D73}"
EndProject
Project("{2150E333-8FDC-42A3-9474-1A3956D46DE8}") = "Console", "Console", "{99F4EEB0-A2B8-4F41-A063-0FD75540B1C3}"
EndProject
Project("{9A19103F-16F7-4668-BE54-9A1E7A4F7556}") = "SayedHa.Templates.Tasks", "src\SayedHa.Templates.Tasks\SayedHa.Templates.Tasks.csproj", "{4239FF7A-8EFA-4A48-82C3-CB60E9BAC568}"
EndProject
Project("{2150E333-8FDC-42A3-9474-1A3956D46DE8}") = "_sln-items", "_sln-items", "{ABED039A-0A6D-4F40-9BFE-8393F0878E62}"
	ProjectSection(SolutionItems) = preProject
		.gitattributes = .gitattributes
		.gitignore = .gitignore
		azure-pipelines.yml = azure-pipelines.yml
		Directory.Build.props = Directory.Build.props
		Directory.Build.targets = Directory.Build.targets
		global.json = global.json
	EndProjectSection
EndProject
Global
	GlobalSection(SolutionConfigurationPlatforms) = preSolution
		Debug|Any CPU = Debug|Any CPU
		Release|Any CPU = Release|Any CPU
	EndGlobalSection
	GlobalSection(ProjectConfigurationPlatforms) = postSolution
		{3B8C92AE-7C18-4DD3-9B10-FC3C0DBEA6E2}.Debug|Any CPU.ActiveCfg = Debug|Any CPU
		{3B8C92AE-7C18-4DD3-9B10-FC3C0DBEA6E2}.Debug|Any CPU.Build.0 = Debug|Any CPU
		{3B8C92AE-7C18-4DD3-9B10-FC3C0DBEA6E2}.Release|Any CPU.ActiveCfg = Release|Any CPU
		{3B8C92AE-7C18-4DD3-9B10-FC3C0DBEA6E2}.Release|Any CPU.Build.0 = Release|Any CPU
		{F5B12C1F-365D-4CED-84EE-3AD11212A0C4}.Debug|Any CPU.ActiveCfg = Debug|Any CPU
		{F5B12C1F-365D-4CED-84EE-3AD11212A0C4}.Debug|Any CPU.Build.0 = Debug|Any CPU
		{F5B12C1F-365D-4CED-84EE-3AD11212A0C4}.Release|Any CPU.ActiveCfg = Release|Any CPU
		{F5B12C1F-365D-4CED-84EE-3AD11212A0C4}.Release|Any CPU.Build.0 = Release|Any CPU
		{2971AB36-3D4F-49E4-B47C-7A1013D27D4D}.Debug|Any CPU.ActiveCfg = Debug|Any CPU
		{2971AB36-3D4F-49E4-B47C-7A1013D27D4D}.Debug|Any CPU.Build.0 = Debug|Any CPU
		{2971AB36-3D4F-49E4-B47C-7A1013D27D4D}.Release|Any CPU.ActiveCfg = Release|Any CPU
		{2971AB36-3D4F-49E4-B47C-7A1013D27D4D}.Release|Any CPU.Build.0 = Release|Any CPU
		{7DF89BDA-AB54-4B13-8A02-0538E639A6B2}.Debug|Any CPU.ActiveCfg = Debug|Any CPU
		{7DF89BDA-AB54-4B13-8A02-0538E639A6B2}.Debug|Any CPU.Build.0 = Debug|Any CPU
		{7DF89BDA-AB54-4B13-8A02-0538E639A6B2}.Release|Any CPU.ActiveCfg = Release|Any CPU
		{7DF89BDA-AB54-4B13-8A02-0538E639A6B2}.Release|Any CPU.Build.0 = Release|Any CPU
		{7F64A4E5-7F67-4DEC-81B5-D22A51380412}.Debug|Any CPU.ActiveCfg = Debug|Any CPU
		{7F64A4E5-7F67-4DEC-81B5-D22A51380412}.Debug|Any CPU.Build.0 = Debug|Any CPU
		{7F64A4E5-7F67-4DEC-81B5-D22A51380412}.Release|Any CPU.ActiveCfg = Release|Any CPU
		{7F64A4E5-7F67-4DEC-81B5-D22A51380412}.Release|Any CPU.Build.0 = Release|Any CPU
		{205E80D3-584E-4DE4-965B-CE1F48F4CC6A}.Debug|Any CPU.ActiveCfg = Debug|Any CPU
		{205E80D3-584E-4DE4-965B-CE1F48F4CC6A}.Debug|Any CPU.Build.0 = Debug|Any CPU
		{205E80D3-584E-4DE4-965B-CE1F48F4CC6A}.Release|Any CPU.ActiveCfg = Release|Any CPU
		{205E80D3-584E-4DE4-965B-CE1F48F4CC6A}.Release|Any CPU.Build.0 = Release|Any CPU
		{4239FF7A-8EFA-4A48-82C3-CB60E9BAC568}.Debug|Any CPU.ActiveCfg = Debug|Any CPU
		{4239FF7A-8EFA-4A48-82C3-CB60E9BAC568}.Debug|Any CPU.Build.0 = Debug|Any CPU
		{4239FF7A-8EFA-4A48-82C3-CB60E9BAC568}.Release|Any CPU.ActiveCfg = Release|Any CPU
		{4239FF7A-8EFA-4A48-82C3-CB60E9BAC568}.Release|Any CPU.Build.0 = Release|Any CPU
	EndGlobalSection
	GlobalSection(SolutionProperties) = preSolution
		HideSolutionNode = FALSE
	EndGlobalSection
	GlobalSection(NestedProjects) = preSolution
		{F5B12C1F-365D-4CED-84EE-3AD11212A0C4} = {A20DDCC9-E2BD-4010-8B58-C71E39BD1D73}
		{2971AB36-3D4F-49E4-B47C-7A1013D27D4D} = {A20DDCC9-E2BD-4010-8B58-C71E39BD1D73}
		{7F64A4E5-7F67-4DEC-81B5-D22A51380412} = {99F4EEB0-A2B8-4F41-A063-0FD75540B1C3}
		{205E80D3-584E-4DE4-965B-CE1F48F4CC6A} = {99F4EEB0-A2B8-4F41-A063-0FD75540B1C3}
	EndGlobalSection
	GlobalSection(ExtensibilityGlobals) = postSolution
		SolutionGuid = {4DBA02F1-2749-4EF6-99EA-292B267F16EB}
	EndGlobalSection
EndGlobal
