
Microsoft Visual Studio Solution File, Format Version 12.00
# Visual Studio Version 17
VisualStudioVersion = 17.5.002.0
MinimumVisualStudioVersion = 10.0.40219.1
Project("{9A19103F-16F7-4668-BE54-9A1E7A4F7556}") = "TemplatesApi", "TemplatesApi.csproj", "{FBB06412-DC5B-475F-888E-61F68CAD7373}"
EndProject
Global
	GlobalSection(SolutionConfigurationPlatforms) = preSolution
		Debug|Any CPU = Debug|Any CPU
		Release|Any CPU = Release|Any CPU
	EndGlobalSection
	GlobalSection(ProjectConfigurationPlatforms) = postSolution
		{FBB06412-DC5B-475F-888E-61F68CAD7373}.Debug|Any CPU.ActiveCfg = Debug|Any CPU
		{FBB06412-DC5B-475F-888E-61F68CAD7373}.Debug|Any CPU.Build.0 = Debug|Any CPU
		{FBB06412-DC5B-475F-888E-61F68CAD7373}.Release|Any CPU.ActiveCfg = Release|Any CPU
		{FBB06412-DC5B-475F-888E-61F68CAD7373}.Release|Any CPU.Build.0 = Release|Any CPU
	EndGlobalSection
	GlobalSection(SolutionProperties) = preSolution
		HideSolutionNode = FALSE
	EndGlobalSection
	GlobalSection(ExtensibilityGlobals) = postSolution
		SolutionGuid = {336D49E5-710A-47E2-B70C-D744A2DD995E}
	EndGlobalSection
EndGlobal
